// !$*UTF8*$!
{
	archiveVersion = 1;
	classes = {
	};
	objectVersion = 56;
	objects = {

/* Begin PBXBuildFile section */
		39EB5C5B486293CBF40731A6 /* Pods_Todoey_Realm_V1_Todoey_Realm_V1UITests.framework in Frameworks */ = {isa = PBXBuildFile; fileRef = 992E3C41FBFD76C149CBA709 /* Pods_Todoey_Realm_V1_Todoey_Realm_V1UITests.framework */; };
		3E1FFA428BD6A25E372689F1 /* Pods_Todoey_Realm_V1Tests.framework in Frameworks */ = {isa = PBXBuildFile; fileRef = 5749D400795A7AE100DCE478 /* Pods_Todoey_Realm_V1Tests.framework */; };
		63CC53A32D7CE78B001A6328 /* AppDelegate.swift in Sources */ = {isa = PBXBuildFile; fileRef = 63CC53A22D7CE78B001A6328 /* AppDelegate.swift */; };
		63CC53A52D7CE78B001A6328 /* SceneDelegate.swift in Sources */ = {isa = PBXBuildFile; fileRef = 63CC53A42D7CE78B001A6328 /* SceneDelegate.swift */; };
		63CC53AC2D7CE78C001A6328 /* Assets.xcassets in Resources */ = {isa = PBXBuildFile; fileRef = 63CC53AB2D7CE78C001A6328 /* Assets.xcassets */; };
		63CC53AF2D7CE78C001A6328 /* Base in Resources */ = {isa = PBXBuildFile; fileRef = 63CC53AE2D7CE78C001A6328 /* Base */; };
		63CC53BA2D7CE78D001A6328 /* Todoey_Realm_V1Tests.swift in Sources */ = {isa = PBXBuildFile; fileRef = 63CC53B92D7CE78D001A6328 /* Todoey_Realm_V1Tests.swift */; };
		63CC53C42D7CE78D001A6328 /* Todoey_Realm_V1UITests.swift in Sources */ = {isa = PBXBuildFile; fileRef = 63CC53C32D7CE78D001A6328 /* Todoey_Realm_V1UITests.swift */; };
		63CC53C62D7CE78D001A6328 /* Todoey_Realm_V1UITestsLaunchTests.swift in Sources */ = {isa = PBXBuildFile; fileRef = 63CC53C52D7CE78D001A6328 /* Todoey_Realm_V1UITestsLaunchTests.swift */; };
		63CC53DC2D7CE978001A6328 /* Category.swift in Sources */ = {isa = PBXBuildFile; fileRef = 63CC53D22D7CE978001A6328 /* Category.swift */; };
		63CC53DD2D7CE978001A6328 /* Item.swift in Sources */ = {isa = PBXBuildFile; fileRef = 63CC53D32D7CE978001A6328 /* Item.swift */; };
		63CC53DE2D7CE978001A6328 /* Main.storyboard in Resources */ = {isa = PBXBuildFile; fileRef = 63CC53D62D7CE978001A6328 /* Main.storyboard */; };
		63CC53E02D7CE978001A6328 /* CategoryViewController.swift in Sources */ = {isa = PBXBuildFile; fileRef = 63CC53D92D7CE978001A6328 /* CategoryViewController.swift */; };
		63CC53E12D7CE978001A6328 /* ToDoListViewController.swift in Sources */ = {isa = PBXBuildFile; fileRef = 63CC53DA2D7CE978001A6328 /* ToDoListViewController.swift */; };
		63DCDA1E2D7D227A00CA8BC3 /* RealmSwift in Frameworks */ = {isa = PBXBuildFile; productRef = 63DCDA1D2D7D227A00CA8BC3 /* RealmSwift */; };
		63DCDA202D7D265F00CA8BC3 /* SwipeTableViewController.swift in Sources */ = {isa = PBXBuildFile; fileRef = 63DCDA1F2D7D265F00CA8BC3 /* SwipeTableViewController.swift */; };
		63DCDA232D7D26F100CA8BC3 /* SwipeCellKit in Frameworks */ = {isa = PBXBuildFile; productRef = 63DCDA222D7D26F100CA8BC3 /* SwipeCellKit */; };
		B9BAFFF36CF5A90A469AF178 /* Pods_Todoey_Realm_V1.framework in Frameworks */ = {isa = PBXBuildFile; fileRef = F5AF7AC92AA72BD7DB2806F6 /* Pods_Todoey_Realm_V1.framework */; };
/* End PBXBuildFile section */

/* Begin PBXContainerItemProxy section */
		63CC53B62D7CE78D001A6328 /* PBXContainerItemProxy */ = {
			isa = PBXContainerItemProxy;
			containerPortal = 63CC53972D7CE78B001A6328 /* Project object */;
			proxyType = 1;
			remoteGlobalIDString = 63CC539E2D7CE78B001A6328;
			remoteInfo = "Todoey-Realm-V1";
		};
		63CC53C02D7CE78D001A6328 /* PBXContainerItemProxy */ = {
			isa = PBXContainerItemProxy;
			containerPortal = 63CC53972D7CE78B001A6328 /* Project object */;
			proxyType = 1;
			remoteGlobalIDString = 63CC539E2D7CE78B001A6328;
			remoteInfo = "Todoey-Realm-V1";
		};
/* End PBXContainerItemProxy section */

/* Begin PBXFileReference section */
		4CEB252160FF927418FED135 /* Pods-Todoey-Realm-V1.debug.xcconfig */ = {isa = PBXFileReference; includeInIndex = 1; lastKnownFileType = text.xcconfig; name = "Pods-Todoey-Realm-V1.debug.xcconfig"; path = "Target Support Files/Pods-Todoey-Realm-V1/Pods-Todoey-Realm-V1.debug.xcconfig"; sourceTree = "<group>"; };
		5749D400795A7AE100DCE478 /* Pods_Todoey_Realm_V1Tests.framework */ = {isa = PBXFileReference; explicitFileType = wrapper.framework; includeInIndex = 0; path = Pods_Todoey_Realm_V1Tests.framework; sourceTree = BUILT_PRODUCTS_DIR; };
		63CC539F2D7CE78B001A6328 /* Todoey-Realm-V1.app */ = {isa = PBXFileReference; explicitFileType = wrapper.application; includeInIndex = 0; path = "Todoey-Realm-V1.app"; sourceTree = BUILT_PRODUCTS_DIR; };
		63CC53A22D7CE78B001A6328 /* AppDelegate.swift */ = {isa = PBXFileReference; lastKnownFileType = sourcecode.swift; path = AppDelegate.swift; sourceTree = "<group>"; };
		63CC53A42D7CE78B001A6328 /* SceneDelegate.swift */ = {isa = PBXFileReference; lastKnownFileType = sourcecode.swift; path = SceneDelegate.swift; sourceTree = "<group>"; };
		63CC53AB2D7CE78C001A6328 /* Assets.xcassets */ = {isa = PBXFileReference; lastKnownFileType = folder.assetcatalog; path = Assets.xcassets; sourceTree = "<group>"; };
		63CC53AE2D7CE78C001A6328 /* Base */ = {isa = PBXFileReference; lastKnownFileType = file.storyboard; name = Base; path = Base.lproj/LaunchScreen.storyboard; sourceTree = "<group>"; };
		63CC53B02D7CE78C001A6328 /* Info.plist */ = {isa = PBXFileReference; lastKnownFileType = text.plist.xml; path = Info.plist; sourceTree = "<group>"; };
		63CC53B52D7CE78D001A6328 /* Todoey-Realm-V1Tests.xctest */ = {isa = PBXFileReference; explicitFileType = wrapper.cfbundle; includeInIndex = 0; path = "Todoey-Realm-V1Tests.xctest"; sourceTree = BUILT_PRODUCTS_DIR; };
		63CC53B92D7CE78D001A6328 /* Todoey_Realm_V1Tests.swift */ = {isa = PBXFileReference; lastKnownFileType = sourcecode.swift; path = Todoey_Realm_V1Tests.swift; sourceTree = "<group>"; };
		63CC53BF2D7CE78D001A6328 /* Todoey-Realm-V1UITests.xctest */ = {isa = PBXFileReference; explicitFileType = wrapper.cfbundle; includeInIndex = 0; path = "Todoey-Realm-V1UITests.xctest"; sourceTree = BUILT_PRODUCTS_DIR; };
		63CC53C32D7CE78D001A6328 /* Todoey_Realm_V1UITests.swift */ = {isa = PBXFileReference; lastKnownFileType = sourcecode.swift; path = Todoey_Realm_V1UITests.swift; sourceTree = "<group>"; };
		63CC53C52D7CE78D001A6328 /* Todoey_Realm_V1UITestsLaunchTests.swift */ = {isa = PBXFileReference; lastKnownFileType = sourcecode.swift; path = Todoey_Realm_V1UITestsLaunchTests.swift; sourceTree = "<group>"; };
		63CC53D22D7CE978001A6328 /* Category.swift */ = {isa = PBXFileReference; fileEncoding = 4; lastKnownFileType = sourcecode.swift; path = Category.swift; sourceTree = "<group>"; };
		63CC53D32D7CE978001A6328 /* Item.swift */ = {isa = PBXFileReference; fileEncoding = 4; lastKnownFileType = sourcecode.swift; path = Item.swift; sourceTree = "<group>"; };
		63CC53D52D7CE978001A6328 /* Base */ = {isa = PBXFileReference; lastKnownFileType = file.storyboard; name = Base; path = Base.lproj/Main.storyboard; sourceTree = "<group>"; };
		63CC53D92D7CE978001A6328 /* CategoryViewController.swift */ = {isa = PBXFileReference; fileEncoding = 4; lastKnownFileType = sourcecode.swift; path = CategoryViewController.swift; sourceTree = "<group>"; };
		63CC53DA2D7CE978001A6328 /* ToDoListViewController.swift */ = {isa = PBXFileReference; fileEncoding = 4; lastKnownFileType = sourcecode.swift; path = ToDoListViewController.swift; sourceTree = "<group>"; };
		63DCDA1F2D7D265F00CA8BC3 /* SwipeTableViewController.swift */ = {isa = PBXFileReference; lastKnownFileType = sourcecode.swift; path = SwipeTableViewController.swift; sourceTree = "<group>"; };
		7654D696A217378DD347C713 /* Pods-Todoey-Realm-V1Tests.release.xcconfig */ = {isa = PBXFileReference; includeInIndex = 1; lastKnownFileType = text.xcconfig; name = "Pods-Todoey-Realm-V1Tests.release.xcconfig"; path = "Target Support Files/Pods-Todoey-Realm-V1Tests/Pods-Todoey-Realm-V1Tests.release.xcconfig"; sourceTree = "<group>"; };
		992E3C41FBFD76C149CBA709 /* Pods_Todoey_Realm_V1_Todoey_Realm_V1UITests.framework */ = {isa = PBXFileReference; explicitFileType = wrapper.framework; includeInIndex = 0; path = Pods_Todoey_Realm_V1_Todoey_Realm_V1UITests.framework; sourceTree = BUILT_PRODUCTS_DIR; };
		9FB27B408097D514B8A25082 /* Pods-Todoey-Realm-V1.release.xcconfig */ = {isa = PBXFileReference; includeInIndex = 1; lastKnownFileType = text.xcconfig; name = "Pods-Todoey-Realm-V1.release.xcconfig"; path = "Target Support Files/Pods-Todoey-Realm-V1/Pods-Todoey-Realm-V1.release.xcconfig"; sourceTree = "<group>"; };
		A577E8C80C87961DF4E093ED /* Pods-Todoey-Realm-V1-Todoey-Realm-V1UITests.debug.xcconfig */ = {isa = PBXFileReference; includeInIndex = 1; lastKnownFileType = text.xcconfig; name = "Pods-Todoey-Realm-V1-Todoey-Realm-V1UITests.debug.xcconfig"; path = "Target Support Files/Pods-Todoey-Realm-V1-Todoey-Realm-V1UITests/Pods-Todoey-Realm-V1-Todoey-Realm-V1UITests.debug.xcconfig"; sourceTree = "<group>"; };
		C919A7BA6811448A850C0A34 /* Pods-Todoey-Realm-V1Tests.debug.xcconfig */ = {isa = PBXFileReference; includeInIndex = 1; lastKnownFileType = text.xcconfig; name = "Pods-Todoey-Realm-V1Tests.debug.xcconfig"; path = "Target Support Files/Pods-Todoey-Realm-V1Tests/Pods-Todoey-Realm-V1Tests.debug.xcconfig"; sourceTree = "<group>"; };
		DEE5F1F2A17A4F9ADE6A6A18 /* Pods-Todoey-Realm-V1-Todoey-Realm-V1UITests.release.xcconfig */ = {isa = PBXFileReference; includeInIndex = 1; lastKnownFileType = text.xcconfig; name = "Pods-Todoey-Realm-V1-Todoey-Realm-V1UITests.release.xcconfig"; path = "Target Support Files/Pods-Todoey-Realm-V1-Todoey-Realm-V1UITests/Pods-Todoey-Realm-V1-Todoey-Realm-V1UITests.release.xcconfig"; sourceTree = "<group>"; };
		F5AF7AC92AA72BD7DB2806F6 /* Pods_Todoey_Realm_V1.framework */ = {isa = PBXFileReference; explicitFileType = wrapper.framework; includeInIndex = 0; path = Pods_Todoey_Realm_V1.framework; sourceTree = BUILT_PRODUCTS_DIR; };
/* End PBXFileReference section */

/* Begin PBXFrameworksBuildPhase section */
		63CC539C2D7CE78B001A6328 /* Frameworks */ = {
			isa = PBXFrameworksBuildPhase;
			buildActionMask = 2147483647;
			files = (
				63DCDA232D7D26F100CA8BC3 /* SwipeCellKit in Frameworks */,
				63DCDA1E2D7D227A00CA8BC3 /* RealmSwift in Frameworks */,
				B9BAFFF36CF5A90A469AF178 /* Pods_Todoey_Realm_V1.framework in Frameworks */,
			);
			runOnlyForDeploymentPostprocessing = 0;
		};
		63CC53B22D7CE78D001A6328 /* Frameworks */ = {
			isa = PBXFrameworksBuildPhase;
			buildActionMask = 2147483647;
			files = (
				3E1FFA428BD6A25E372689F1 /* Pods_Todoey_Realm_V1Tests.framework in Frameworks */,
			);
			runOnlyForDeploymentPostprocessing = 0;
		};
		63CC53BC2D7CE78D001A6328 /* Frameworks */ = {
			isa = PBXFrameworksBuildPhase;
			buildActionMask = 2147483647;
			files = (
				39EB5C5B486293CBF40731A6 /* Pods_Todoey_Realm_V1_Todoey_Realm_V1UITests.framework in Frameworks */,
			);
			runOnlyForDeploymentPostprocessing = 0;
		};
/* End PBXFrameworksBuildPhase section */

/* Begin PBXGroup section */
		072B984CCE604C60B60A5B4C /* Frameworks */ = {
			isa = PBXGroup;
			children = (
				F5AF7AC92AA72BD7DB2806F6 /* Pods_Todoey_Realm_V1.framework */,
				992E3C41FBFD76C149CBA709 /* Pods_Todoey_Realm_V1_Todoey_Realm_V1UITests.framework */,
				5749D400795A7AE100DCE478 /* Pods_Todoey_Realm_V1Tests.framework */,
			);
			name = Frameworks;
			sourceTree = "<group>";
		};
		63CC53962D7CE78B001A6328 = {
			isa = PBXGroup;
			children = (
				63CC53A12D7CE78B001A6328 /* Todoey-Realm-V1 */,
				63CC53B82D7CE78D001A6328 /* Todoey-Realm-V1Tests */,
				63CC53C22D7CE78D001A6328 /* Todoey-Realm-V1UITests */,
				63CC53A02D7CE78B001A6328 /* Products */,
				E885C6B877059105472FF7C9 /* Pods */,
				072B984CCE604C60B60A5B4C /* Frameworks */,
			);
			sourceTree = "<group>";
		};
		63CC53A02D7CE78B001A6328 /* Products */ = {
			isa = PBXGroup;
			children = (
				63CC539F2D7CE78B001A6328 /* Todoey-Realm-V1.app */,
				63CC53B52D7CE78D001A6328 /* Todoey-Realm-V1Tests.xctest */,
				63CC53BF2D7CE78D001A6328 /* Todoey-Realm-V1UITests.xctest */,
			);
			name = Products;
			sourceTree = "<group>";
		};
		63CC53A12D7CE78B001A6328 /* Todoey-Realm-V1 */ = {
			isa = PBXGroup;
			children = (
				63CC53DB2D7CE978001A6328 /* Controllers */,
				63CC53D42D7CE978001A6328 /* Models */,
				63CC53D72D7CE978001A6328 /* Views */,
				63CC53A22D7CE78B001A6328 /* AppDelegate.swift */,
				63CC53A42D7CE78B001A6328 /* SceneDelegate.swift */,
				63CC53AB2D7CE78C001A6328 /* Assets.xcassets */,
				63CC53AD2D7CE78C001A6328 /* LaunchScreen.storyboard */,
				63CC53B02D7CE78C001A6328 /* Info.plist */,
			);
			path = "Todoey-Realm-V1";
			sourceTree = "<group>";
		};
		63CC53B82D7CE78D001A6328 /* Todoey-Realm-V1Tests */ = {
			isa = PBXGroup;
			children = (
				63CC53B92D7CE78D001A6328 /* Todoey_Realm_V1Tests.swift */,
			);
			path = "Todoey-Realm-V1Tests";
			sourceTree = "<group>";
		};
		63CC53C22D7CE78D001A6328 /* Todoey-Realm-V1UITests */ = {
			isa = PBXGroup;
			children = (
				63CC53C32D7CE78D001A6328 /* Todoey_Realm_V1UITests.swift */,
				63CC53C52D7CE78D001A6328 /* Todoey_Realm_V1UITestsLaunchTests.swift */,
			);
			path = "Todoey-Realm-V1UITests";
			sourceTree = "<group>";
		};
		63CC53D42D7CE978001A6328 /* Models */ = {
			isa = PBXGroup;
			children = (
				63CC53D22D7CE978001A6328 /* Category.swift */,
				63CC53D32D7CE978001A6328 /* Item.swift */,
			);
			path = Models;
			sourceTree = "<group>";
		};
		63CC53D72D7CE978001A6328 /* Views */ = {
			isa = PBXGroup;
			children = (
				63CC53D62D7CE978001A6328 /* Main.storyboard */,
			);
			path = Views;
			sourceTree = "<group>";
		};
		63CC53DB2D7CE978001A6328 /* Controllers */ = {
			isa = PBXGroup;
			children = (
				63CC53D92D7CE978001A6328 /* CategoryViewController.swift */,
				63CC53DA2D7CE978001A6328 /* ToDoListViewController.swift */,
				63DCDA1F2D7D265F00CA8BC3 /* SwipeTableViewController.swift */,
			);
			path = Controllers;
			sourceTree = "<group>";
		};
		E885C6B877059105472FF7C9 /* Pods */ = {
			isa = PBXGroup;
			children = (
				4CEB252160FF927418FED135 /* Pods-Todoey-Realm-V1.debug.xcconfig */,
				9FB27B408097D514B8A25082 /* Pods-Todoey-Realm-V1.release.xcconfig */,
				A577E8C80C87961DF4E093ED /* Pods-Todoey-Realm-V1-Todoey-Realm-V1UITests.debug.xcconfig */,
				DEE5F1F2A17A4F9ADE6A6A18 /* Pods-Todoey-Realm-V1-Todoey-Realm-V1UITests.release.xcconfig */,
				C919A7BA6811448A850C0A34 /* Pods-Todoey-Realm-V1Tests.debug.xcconfig */,
				7654D696A217378DD347C713 /* Pods-Todoey-Realm-V1Tests.release.xcconfig */,
			);
			path = Pods;
			sourceTree = "<group>";
		};
/* End PBXGroup section */

/* Begin PBXNativeTarget section */
		63CC539E2D7CE78B001A6328 /* Todoey-Realm-V1 */ = {
			isa = PBXNativeTarget;
			buildConfigurationList = 63CC53C92D7CE78D001A6328 /* Build configuration list for PBXNativeTarget "Todoey-Realm-V1" */;
			buildPhases = (
				BF81F36643E5B9B5DFDB52E0 /* [CP] Check Pods Manifest.lock */,
				63CC539B2D7CE78B001A6328 /* Sources */,
				63CC539C2D7CE78B001A6328 /* Frameworks */,
				63CC539D2D7CE78B001A6328 /* Resources */,
				964AA76D4B5C57ABB8E43514 /* [CP] Embed Pods Frameworks */,
			);
			buildRules = (
			);
			dependencies = (
			);
			name = "Todoey-Realm-V1";
			packageProductDependencies = (
				63DCDA1D2D7D227A00CA8BC3 /* RealmSwift */,
				63DCDA222D7D26F100CA8BC3 /* SwipeCellKit */,
			);
			productName = "Todoey-Realm-V1";
			productReference = 63CC539F2D7CE78B001A6328 /* Todoey-Realm-V1.app */;
			productType = "com.apple.product-type.application";
		};
		63CC53B42D7CE78D001A6328 /* Todoey-Realm-V1Tests */ = {
			isa = PBXNativeTarget;
			buildConfigurationList = 63CC53CC2D7CE78D001A6328 /* Build configuration list for PBXNativeTarget "Todoey-Realm-V1Tests" */;
			buildPhases = (
				AE77FA283AEFCCDC34D17F70 /* [CP] Check Pods Manifest.lock */,
				63CC53B12D7CE78D001A6328 /* Sources */,
				63CC53B22D7CE78D001A6328 /* Frameworks */,
				63CC53B32D7CE78D001A6328 /* Resources */,
			);
			buildRules = (
			);
			dependencies = (
				63CC53B72D7CE78D001A6328 /* PBXTargetDependency */,
			);
			name = "Todoey-Realm-V1Tests";
			productName = "Todoey-Realm-V1Tests";
			productReference = 63CC53B52D7CE78D001A6328 /* Todoey-Realm-V1Tests.xctest */;
			productType = "com.apple.product-type.bundle.unit-test";
		};
		63CC53BE2D7CE78D001A6328 /* Todoey-Realm-V1UITests */ = {
			isa = PBXNativeTarget;
			buildConfigurationList = 63CC53CF2D7CE78D001A6328 /* Build configuration list for PBXNativeTarget "Todoey-Realm-V1UITests" */;
			buildPhases = (
				1C9B303BCB66908A13770ECE /* [CP] Check Pods Manifest.lock */,
				63CC53BB2D7CE78D001A6328 /* Sources */,
				63CC53BC2D7CE78D001A6328 /* Frameworks */,
				63CC53BD2D7CE78D001A6328 /* Resources */,
				6A38457392D618F359118923 /* [CP] Embed Pods Frameworks */,
			);
			buildRules = (
			);
			dependencies = (
				63CC53C12D7CE78D001A6328 /* PBXTargetDependency */,
			);
			name = "Todoey-Realm-V1UITests";
			productName = "Todoey-Realm-V1UITests";
			productReference = 63CC53BF2D7CE78D001A6328 /* Todoey-Realm-V1UITests.xctest */;
			productType = "com.apple.product-type.bundle.ui-testing";
		};
/* End PBXNativeTarget section */

/* Begin PBXProject section */
		63CC53972D7CE78B001A6328 /* Project object */ = {
			isa = PBXProject;
			attributes = {
				BuildIndependentTargetsInParallel = 1;
				LastSwiftUpdateCheck = 1540;
				LastUpgradeCheck = 1540;
				TargetAttributes = {
					63CC539E2D7CE78B001A6328 = {
						CreatedOnToolsVersion = 15.4;
					};
					63CC53B42D7CE78D001A6328 = {
						CreatedOnToolsVersion = 15.4;
						TestTargetID = 63CC539E2D7CE78B001A6328;
					};
					63CC53BE2D7CE78D001A6328 = {
						CreatedOnToolsVersion = 15.4;
						TestTargetID = 63CC539E2D7CE78B001A6328;
					};
				};
			};
			buildConfigurationList = 63CC539A2D7CE78B001A6328 /* Build configuration list for PBXProject "Todoey-Realm-V1" */;
			compatibilityVersion = "Xcode 14.0";
			developmentRegion = en;
			hasScannedForEncodings = 0;
			knownRegions = (
				en,
				Base,
			);
			mainGroup = 63CC53962D7CE78B001A6328;
			packageReferences = (
				63DCDA1C2D7D227A00CA8BC3 /* XCRemoteSwiftPackageReference "realm-swift" */,
				63DCDA212D7D26F100CA8BC3 /* XCRemoteSwiftPackageReference "SwipeCellKit" */,
			);
			productRefGroup = 63CC53A02D7CE78B001A6328 /* Products */;
			projectDirPath = "";
			projectRoot = "";
			targets = (
				63CC539E2D7CE78B001A6328 /* Todoey-Realm-V1 */,
				63CC53B42D7CE78D001A6328 /* Todoey-Realm-V1Tests */,
				63CC53BE2D7CE78D001A6328 /* Todoey-Realm-V1UITests */,
			);
		};
/* End PBXProject section */

/* Begin PBXResourcesBuildPhase section */
		63CC539D2D7CE78B001A6328 /* Resources */ = {
			isa = PBXResourcesBuildPhase;
			buildActionMask = 2147483647;
			files = (
				63CC53AC2D7CE78C001A6328 /* Assets.xcassets in Resources */,
				63CC53AF2D7CE78C001A6328 /* Base in Resources */,
				63CC53DE2D7CE978001A6328 /* Main.storyboard in Resources */,
			);
			runOnlyForDeploymentPostprocessing = 0;
		};
		63CC53B32D7CE78D001A6328 /* Resources */ = {
			isa = PBXResourcesBuildPhase;
			buildActionMask = 2147483647;
			files = (
			);
			runOnlyForDeploymentPostprocessing = 0;
		};
		63CC53BD2D7CE78D001A6328 /* Resources */ = {
			isa = PBXResourcesBuildPhase;
			buildActionMask = 2147483647;
			files = (
			);
			runOnlyForDeploymentPostprocessing = 0;
		};
/* End PBXResourcesBuildPhase section */

/* Begin PBXShellScriptBuildPhase section */
		1C9B303BCB66908A13770ECE /* [CP] Check Pods Manifest.lock */ = {
			isa = PBXShellScriptBuildPhase;
			buildActionMask = 2147483647;
			files = (
			);
			inputFileListPaths = (
			);
			inputPaths = (
				"${PODS_PODFILE_DIR_PATH}/Podfile.lock",
				"${PODS_ROOT}/Manifest.lock",
			);
			name = "[CP] Check Pods Manifest.lock";
			outputFileListPaths = (
			);
			outputPaths = (
				"$(DERIVED_FILE_DIR)/Pods-Todoey-Realm-V1-Todoey-Realm-V1UITests-checkManifestLockResult.txt",
			);
			runOnlyForDeploymentPostprocessing = 0;
			shellPath = /bin/sh;
			shellScript = "diff \"${PODS_PODFILE_DIR_PATH}/Podfile.lock\" \"${PODS_ROOT}/Manifest.lock\" > /dev/null\nif [ $? != 0 ] ; then\n    # print error to STDERR\n    echo \"error: The sandbox is not in sync with the Podfile.lock. Run 'pod install' or update your CocoaPods installation.\" >&2\n    exit 1\nfi\n# This output is used by Xcode 'outputs' to avoid re-running this script phase.\necho \"SUCCESS\" > \"${SCRIPT_OUTPUT_FILE_0}\"\n";
			showEnvVarsInLog = 0;
		};
		6A38457392D618F359118923 /* [CP] Embed Pods Frameworks */ = {
			isa = PBXShellScriptBuildPhase;
			buildActionMask = 2147483647;
			files = (
			);
			inputFileListPaths = (
				"${PODS_ROOT}/Target Support Files/Pods-Todoey-Realm-V1-Todoey-Realm-V1UITests/Pods-Todoey-Realm-V1-Todoey-Realm-V1UITests-frameworks-${CONFIGURATION}-input-files.xcfilelist",
			);
			name = "[CP] Embed Pods Frameworks";
			outputFileListPaths = (
				"${PODS_ROOT}/Target Support Files/Pods-Todoey-Realm-V1-Todoey-Realm-V1UITests/Pods-Todoey-Realm-V1-Todoey-Realm-V1UITests-frameworks-${CONFIGURATION}-output-files.xcfilelist",
			);
			runOnlyForDeploymentPostprocessing = 0;
			shellPath = /bin/sh;
			shellScript = "\"${PODS_ROOT}/Target Support Files/Pods-Todoey-Realm-V1-Todoey-Realm-V1UITests/Pods-Todoey-Realm-V1-Todoey-Realm-V1UITests-frameworks.sh\"\n";
			showEnvVarsInLog = 0;
		};
		964AA76D4B5C57ABB8E43514 /* [CP] Embed Pods Frameworks */ = {
			isa = PBXShellScriptBuildPhase;
			buildActionMask = 2147483647;
			files = (
			);
			inputFileListPaths = (
				"${PODS_ROOT}/Target Support Files/Pods-Todoey-Realm-V1/Pods-Todoey-Realm-V1-frameworks-${CONFIGURATION}-input-files.xcfilelist",
			);
			name = "[CP] Embed Pods Frameworks";
			outputFileListPaths = (
				"${PODS_ROOT}/Target Support Files/Pods-Todoey-Realm-V1/Pods-Todoey-Realm-V1-frameworks-${CONFIGURATION}-output-files.xcfilelist",
			);
			runOnlyForDeploymentPostprocessing = 0;
			shellPath = /bin/sh;
			shellScript = "\"${PODS_ROOT}/Target Support Files/Pods-Todoey-Realm-V1/Pods-Todoey-Realm-V1-frameworks.sh\"\n";
			showEnvVarsInLog = 0;
		};
		AE77FA283AEFCCDC34D17F70 /* [CP] Check Pods Manifest.lock */ = {
			isa = PBXShellScriptBuildPhase;
			buildActionMask = 2147483647;
			files = (
			);
			inputFileListPaths = (
			);
			inputPaths = (
				"${PODS_PODFILE_DIR_PATH}/Podfile.lock",
				"${PODS_ROOT}/Manifest.lock",
			);
			name = "[CP] Check Pods Manifest.lock";
			outputFileListPaths = (
			);
			outputPaths = (
				"$(DERIVED_FILE_DIR)/Pods-Todoey-Realm-V1Tests-checkManifestLockResult.txt",
			);
			runOnlyForDeploymentPostprocessing = 0;
			shellPath = /bin/sh;
			shellScript = "diff \"${PODS_PODFILE_DIR_PATH}/Podfile.lock\" \"${PODS_ROOT}/Manifest.lock\" > /dev/null\nif [ $? != 0 ] ; then\n    # print error to STDERR\n    echo \"error: The sandbox is not in sync with the Podfile.lock. Run 'pod install' or update your CocoaPods installation.\" >&2\n    exit 1\nfi\n# This output is used by Xcode 'outputs' to avoid re-running this script phase.\necho \"SUCCESS\" > \"${SCRIPT_OUTPUT_FILE_0}\"\n";
			showEnvVarsInLog = 0;
		};
		BF81F36643E5B9B5DFDB52E0 /* [CP] Check Pods Manifest.lock */ = {
			isa = PBXShellScriptBuildPhase;
			buildActionMask = 2147483647;
			files = (
			);
			inputFileListPaths = (
			);
			inputPaths = (
				"${PODS_PODFILE_DIR_PATH}/Podfile.lock",
				"${PODS_ROOT}/Manifest.lock",
			);
			name = "[CP] Check Pods Manifest.lock";
			outputFileListPaths = (
			);
			outputPaths = (
				"$(DERIVED_FILE_DIR)/Pods-Todoey-Realm-V1-checkManifestLockResult.txt",
			);
			runOnlyForDeploymentPostprocessing = 0;
			shellPath = /bin/sh;
			shellScript = "diff \"${PODS_PODFILE_DIR_PATH}/Podfile.lock\" \"${PODS_ROOT}/Manifest.lock\" > /dev/null\nif [ $? != 0 ] ; then\n    # print error to STDERR\n    echo \"error: The sandbox is not in sync with the Podfile.lock. Run 'pod install' or update your CocoaPods installation.\" >&2\n    exit 1\nfi\n# This output is used by Xcode 'outputs' to avoid re-running this script phase.\necho \"SUCCESS\" > \"${SCRIPT_OUTPUT_FILE_0}\"\n";
			showEnvVarsInLog = 0;
		};
/* End PBXShellScriptBuildPhase section */

/* Begin PBXSourcesBuildPhase section */
		63CC539B2D7CE78B001A6328 /* Sources */ = {
			isa = PBXSourcesBuildPhase;
			buildActionMask = 2147483647;
			files = (
				63CC53E12D7CE978001A6328 /* ToDoListViewController.swift in Sources */,
				63CC53DD2D7CE978001A6328 /* Item.swift in Sources */,
				63CC53E02D7CE978001A6328 /* CategoryViewController.swift in Sources */,
				63DCDA202D7D265F00CA8BC3 /* SwipeTableViewController.swift in Sources */,
				63CC53A32D7CE78B001A6328 /* AppDelegate.swift in Sources */,
				63CC53A52D7CE78B001A6328 /* SceneDelegate.swift in Sources */,
				63CC53DC2D7CE978001A6328 /* Category.swift in Sources */,
			);
			runOnlyForDeploymentPostprocessing = 0;
		};
		63CC53B12D7CE78D001A6328 /* Sources */ = {
			isa = PBXSourcesBuildPhase;
			buildActionMask = 2147483647;
			files = (
				63CC53BA2D7CE78D001A6328 /* Todoey_Realm_V1Tests.swift in Sources */,
			);
			runOnlyForDeploymentPostprocessing = 0;
		};
		63CC53BB2D7CE78D001A6328 /* Sources */ = {
			isa = PBXSourcesBuildPhase;
			buildActionMask = 2147483647;
			files = (
				63CC53C42D7CE78D001A6328 /* Todoey_Realm_V1UITests.swift in Sources */,
				63CC53C62D7CE78D001A6328 /* Todoey_Realm_V1UITestsLaunchTests.swift in Sources */,
			);
			runOnlyForDeploymentPostprocessing = 0;
		};
/* End PBXSourcesBuildPhase section */

/* Begin PBXTargetDependency section */
		63CC53B72D7CE78D001A6328 /* PBXTargetDependency */ = {
			isa = PBXTargetDependency;
			target = 63CC539E2D7CE78B001A6328 /* Todoey-Realm-V1 */;
			targetProxy = 63CC53B62D7CE78D001A6328 /* PBXContainerItemProxy */;
		};
		63CC53C12D7CE78D001A6328 /* PBXTargetDependency */ = {
			isa = PBXTargetDependency;
			target = 63CC539E2D7CE78B001A6328 /* Todoey-Realm-V1 */;
			targetProxy = 63CC53C02D7CE78D001A6328 /* PBXContainerItemProxy */;
		};
/* End PBXTargetDependency section */

/* Begin PBXVariantGroup section */
		63CC53AD2D7CE78C001A6328 /* LaunchScreen.storyboard */ = {
			isa = PBXVariantGroup;
			children = (
				63CC53AE2D7CE78C001A6328 /* Base */,
			);
			name = LaunchScreen.storyboard;
			sourceTree = "<group>";
		};
		63CC53D62D7CE978001A6328 /* Main.storyboard */ = {
			isa = PBXVariantGroup;
			children = (
				63CC53D52D7CE978001A6328 /* Base */,
			);
			name = Main.storyboard;
			sourceTree = "<group>";
		};
/* End PBXVariantGroup section */

/* Begin XCBuildConfiguration section */
		63CC53C72D7CE78D001A6328 /* Debug */ = {
			isa = XCBuildConfiguration;
			buildSettings = {
				ALWAYS_SEARCH_USER_PATHS = NO;
				ASSETCATALOG_COMPILER_GENERATE_SWIFT_ASSET_SYMBOL_EXTENSIONS = YES;
				CLANG_ANALYZER_NONNULL = YES;
				CLANG_ANALYZER_NUMBER_OBJECT_CONVERSION = YES_AGGRESSIVE;
				CLANG_CXX_LANGUAGE_STANDARD = "gnu++20";
				CLANG_ENABLE_MODULES = YES;
				CLANG_ENABLE_OBJC_ARC = YES;
				CLANG_ENABLE_OBJC_WEAK = YES;
				CLANG_WARN_BLOCK_CAPTURE_AUTORELEASING = YES;
				CLANG_WARN_BOOL_CONVERSION = YES;
				CLANG_WARN_COMMA = YES;
				CLANG_WARN_CONSTANT_CONVERSION = YES;
				CLANG_WARN_DEPRECATED_OBJC_IMPLEMENTATIONS = YES;
				CLANG_WARN_DIRECT_OBJC_ISA_USAGE = YES_ERROR;
				CLANG_WARN_DOCUMENTATION_COMMENTS = YES;
				CLANG_WARN_EMPTY_BODY = YES;
				CLANG_WARN_ENUM_CONVERSION = YES;
				CLANG_WARN_INFINITE_RECURSION = YES;
				CLANG_WARN_INT_CONVERSION = YES;
				CLANG_WARN_NON_LITERAL_NULL_CONVERSION = YES;
				CLANG_WARN_OBJC_IMPLICIT_RETAIN_SELF = YES;
				CLANG_WARN_OBJC_LITERAL_CONVERSION = YES;
				CLANG_WARN_OBJC_ROOT_CLASS = YES_ERROR;
				CLANG_WARN_QUOTED_INCLUDE_IN_FRAMEWORK_HEADER = YES;
				CLANG_WARN_RANGE_LOOP_ANALYSIS = YES;
				CLANG_WARN_STRICT_PROTOTYPES = YES;
				CLANG_WARN_SUSPICIOUS_MOVE = YES;
				CLANG_WARN_UNGUARDED_AVAILABILITY = YES_AGGRESSIVE;
				CLANG_WARN_UNREACHABLE_CODE = YES;
				CLANG_WARN__DUPLICATE_METHOD_MATCH = YES;
				COPY_PHASE_STRIP = NO;
				DEBUG_INFORMATION_FORMAT = dwarf;
				ENABLE_STRICT_OBJC_MSGSEND = YES;
				ENABLE_TESTABILITY = YES;
				ENABLE_USER_SCRIPT_SANDBOXING = YES;
				GCC_C_LANGUAGE_STANDARD = gnu17;
				GCC_DYNAMIC_NO_PIC = NO;
				GCC_NO_COMMON_BLOCKS = YES;
				GCC_OPTIMIZATION_LEVEL = 0;
				GCC_PREPROCESSOR_DEFINITIONS = (
					"DEBUG=1",
					"$(inherited)",
				);
				GCC_WARN_64_TO_32_BIT_CONVERSION = YES;
				GCC_WARN_ABOUT_RETURN_TYPE = YES_ERROR;
				GCC_WARN_UNDECLARED_SELECTOR = YES;
				GCC_WARN_UNINITIALIZED_AUTOS = YES_AGGRESSIVE;
				GCC_WARN_UNUSED_FUNCTION = YES;
				GCC_WARN_UNUSED_VARIABLE = YES;
				IPHONEOS_DEPLOYMENT_TARGET = 15.0;
				LOCALIZATION_PREFERS_STRING_CATALOGS = YES;
				MTL_ENABLE_DEBUG_INFO = INCLUDE_SOURCE;
				MTL_FAST_MATH = YES;
				ONLY_ACTIVE_ARCH = YES;
				SDKROOT = iphoneos;
				SWIFT_ACTIVE_COMPILATION_CONDITIONS = "DEBUG $(inherited)";
				SWIFT_OPTIMIZATION_LEVEL = "-Onone";
			};
			name = Debug;
		};
		63CC53C82D7CE78D001A6328 /* Release */ = {
			isa = XCBuildConfiguration;
			buildSettings = {
				ALWAYS_SEARCH_USER_PATHS = NO;
				ASSETCATALOG_COMPILER_GENERATE_SWIFT_ASSET_SYMBOL_EXTENSIONS = YES;
				CLANG_ANALYZER_NONNULL = YES;
				CLANG_ANALYZER_NUMBER_OBJECT_CONVERSION = YES_AGGRESSIVE;
				CLANG_CXX_LANGUAGE_STANDARD = "gnu++20";
				CLANG_ENABLE_MODULES = YES;
				CLANG_ENABLE_OBJC_ARC = YES;
				CLANG_ENABLE_OBJC_WEAK = YES;
				CLANG_WARN_BLOCK_CAPTURE_AUTORELEASING = YES;
				CLANG_WARN_BOOL_CONVERSION = YES;
				CLANG_WARN_COMMA = YES;
				CLANG_WARN_CONSTANT_CONVERSION = YES;
				CLANG_WARN_DEPRECATED_OBJC_IMPLEMENTATIONS = YES;
				CLANG_WARN_DIRECT_OBJC_ISA_USAGE = YES_ERROR;
				CLANG_WARN_DOCUMENTATION_COMMENTS = YES;
				CLANG_WARN_EMPTY_BODY = YES;
				CLANG_WARN_ENUM_CONVERSION = YES;
				CLANG_WARN_INFINITE_RECURSION = YES;
				CLANG_WARN_INT_CONVERSION = YES;
				CLANG_WARN_NON_LITERAL_NULL_CONVERSION = YES;
				CLANG_WARN_OBJC_IMPLICIT_RETAIN_SELF = YES;
				CLANG_WARN_OBJC_LITERAL_CONVERSION = YES;
				CLANG_WARN_OBJC_ROOT_CLASS = YES_ERROR;
				CLANG_WARN_QUOTED_INCLUDE_IN_FRAMEWORK_HEADER = YES;
				CLANG_WARN_RANGE_LOOP_ANALYSIS = YES;
				CLANG_WARN_STRICT_PROTOTYPES = YES;
				CLANG_WARN_SUSPICIOUS_MOVE = YES;
				CLANG_WARN_UNGUARDED_AVAILABILITY = YES_AGGRESSIVE;
				CLANG_WARN_UNREACHABLE_CODE = YES;
				CLANG_WARN__DUPLICATE_METHOD_MATCH = YES;
				COPY_PHASE_STRIP = NO;
				DEBUG_INFORMATION_FORMAT = "dwarf-with-dsym";
				ENABLE_NS_ASSERTIONS = NO;
				ENABLE_STRICT_OBJC_MSGSEND = YES;
				ENABLE_USER_SCRIPT_SANDBOXING = YES;
				GCC_C_LANGUAGE_STANDARD = gnu17;
				GCC_NO_COMMON_BLOCKS = YES;
				GCC_WARN_64_TO_32_BIT_CONVERSION = YES;
				GCC_WARN_ABOUT_RETURN_TYPE = YES_ERROR;
				GCC_WARN_UNDECLARED_SELECTOR = YES;
				GCC_WARN_UNINITIALIZED_AUTOS = YES_AGGRESSIVE;
				GCC_WARN_UNUSED_FUNCTION = YES;
				GCC_WARN_UNUSED_VARIABLE = YES;
				IPHONEOS_DEPLOYMENT_TARGET = 15.0;
				LOCALIZATION_PREFERS_STRING_CATALOGS = YES;
				MTL_ENABLE_DEBUG_INFO = NO;
				MTL_FAST_MATH = YES;
				SDKROOT = iphoneos;
				SWIFT_COMPILATION_MODE = wholemodule;
				VALIDATE_PRODUCT = YES;
			};
			name = Release;
		};
		63CC53CA2D7CE78D001A6328 /* Debug */ = {
			isa = XCBuildConfiguration;
			baseConfigurationReference = 4CEB252160FF927418FED135 /* Pods-Todoey-Realm-V1.debug.xcconfig */;
			buildSettings = {
				ASSETCATALOG_COMPILER_APPICON_NAME = AppIcon;
				ASSETCATALOG_COMPILER_GLOBAL_ACCENT_COLOR_NAME = AccentColor;
				CODE_SIGN_STYLE = Automatic;
				CURRENT_PROJECT_VERSION = 1;
				ENABLE_USER_SCRIPT_SANDBOXING = NO;
				GENERATE_INFOPLIST_FILE = YES;
				INFOPLIST_FILE = "Todoey-Realm-V1/Info.plist";
				INFOPLIST_KEY_UIApplicationSupportsIndirectInputEvents = YES;
				INFOPLIST_KEY_UILaunchStoryboardName = LaunchScreen;
				INFOPLIST_KEY_UIMainStoryboardFile = Main;
				INFOPLIST_KEY_UISupportedInterfaceOrientations_iPad = "UIInterfaceOrientationPortrait UIInterfaceOrientationPortraitUpsideDown UIInterfaceOrientationLandscapeLeft UIInterfaceOrientationLandscapeRight";
				INFOPLIST_KEY_UISupportedInterfaceOrientations_iPhone = "UIInterfaceOrientationPortrait UIInterfaceOrientationLandscapeLeft UIInterfaceOrientationLandscapeRight";
				IPHONEOS_DEPLOYMENT_TARGET = 15.0;
				LD_RUNPATH_SEARCH_PATHS = (
					"$(inherited)",
					"@executable_path/Frameworks",
				);
				MARKETING_VERSION = 1.0;
				PRODUCT_BUNDLE_IDENTIFIER = "com.AbdelrahmanZAIN.Todoey-Realm-V1";
				PRODUCT_NAME = "$(TARGET_NAME)";
				SWIFT_EMIT_LOC_STRINGS = YES;
				SWIFT_VERSION = 5.0;
				TARGETED_DEVICE_FAMILY = "1,2";
			};
			name = Debug;
		};
		63CC53CB2D7CE78D001A6328 /* Release */ = {
			isa = XCBuildConfiguration;
			baseConfigurationReference = 9FB27B408097D514B8A25082 /* Pods-Todoey-Realm-V1.release.xcconfig */;
			buildSettings = {
				ASSETCATALOG_COMPILER_APPICON_NAME = AppIcon;
				ASSETCATALOG_COMPILER_GLOBAL_ACCENT_COLOR_NAME = AccentColor;
				CODE_SIGN_STYLE = Automatic;
				CURRENT_PROJECT_VERSION = 1;
				ENABLE_USER_SCRIPT_SANDBOXING = NO;
				GENERATE_INFOPLIST_FILE = YES;
				INFOPLIST_FILE = "Todoey-Realm-V1/Info.plist";
				INFOPLIST_KEY_UIApplicationSupportsIndirectInputEvents = YES;
				INFOPLIST_KEY_UILaunchStoryboardName = LaunchScreen;
				INFOPLIST_KEY_UIMainStoryboardFile = Main;
				INFOPLIST_KEY_UISupportedInterfaceOrientations_iPad = "UIInterfaceOrientationPortrait UIInterfaceOrientationPortraitUpsideDown UIInterfaceOrientationLandscapeLeft UIInterfaceOrientationLandscapeRight";
				INFOPLIST_KEY_UISupportedInterfaceOrientations_iPhone = "UIInterfaceOrientationPortrait UIInterfaceOrientationLandscapeLeft UIInterfaceOrientationLandscapeRight";
				IPHONEOS_DEPLOYMENT_TARGET = 15.0;
				LD_RUNPATH_SEARCH_PATHS = (
					"$(inherited)",
					"@executable_path/Frameworks",
				);
				MARKETING_VERSION = 1.0;
				PRODUCT_BUNDLE_IDENTIFIER = "com.AbdelrahmanZAIN.Todoey-Realm-V1";
				PRODUCT_NAME = "$(TARGET_NAME)";
				SWIFT_EMIT_LOC_STRINGS = YES;
				SWIFT_VERSION = 5.0;
				TARGETED_DEVICE_FAMILY = "1,2";
			};
			name = Release;
		};
		63CC53CD2D7CE78D001A6328 /* Debug */ = {
			isa = XCBuildConfiguration;
			baseConfigurationReference = C919A7BA6811448A850C0A34 /* Pods-Todoey-Realm-V1Tests.debug.xcconfig */;
			buildSettings = {
				ALWAYS_EMBED_SWIFT_STANDARD_LIBRARIES = YES;
				BUNDLE_LOADER = "$(TEST_HOST)";
				CODE_SIGN_STYLE = Automatic;
				CURRENT_PROJECT_VERSION = 1;
				GENERATE_INFOPLIST_FILE = YES;
				IPHONEOS_DEPLOYMENT_TARGET = 17.5;
				MARKETING_VERSION = 1.0;
				PRODUCT_BUNDLE_IDENTIFIER = "com.AbdelrahmanZAIN.Todoey-Realm-V1Tests";
				PRODUCT_NAME = "$(TARGET_NAME)";
				SWIFT_EMIT_LOC_STRINGS = NO;
				SWIFT_VERSION = 5.0;
				TARGETED_DEVICE_FAMILY = "1,2";
				TEST_HOST = "$(BUILT_PRODUCTS_DIR)/Todoey-Realm-V1.app/$(BUNDLE_EXECUTABLE_FOLDER_PATH)/Todoey-Realm-V1";
			};
			name = Debug;
		};
		63CC53CE2D7CE78D001A6328 /* Release */ = {
			isa = XCBuildConfiguration;
			baseConfigurationReference = 7654D696A217378DD347C713 /* Pods-Todoey-Realm-V1Tests.release.xcconfig */;
			buildSettings = {
				ALWAYS_EMBED_SWIFT_STANDARD_LIBRARIES = YES;
				BUNDLE_LOADER = "$(TEST_HOST)";
				CODE_SIGN_STYLE = Automatic;
				CURRENT_PROJECT_VERSION = 1;
				GENERATE_INFOPLIST_FILE = YES;
				IPHONEOS_DEPLOYMENT_TARGET = 17.5;
				MARKETING_VERSION = 1.0;
				PRODUCT_BUNDLE_IDENTIFIER = "com.AbdelrahmanZAIN.Todoey-Realm-V1Tests";
				PRODUCT_NAME = "$(TARGET_NAME)";
				SWIFT_EMIT_LOC_STRINGS = NO;
				SWIFT_VERSION = 5.0;
				TARGETED_DEVICE_FAMILY = "1,2";
				TEST_HOST = "$(BUILT_PRODUCTS_DIR)/Todoey-Realm-V1.app/$(BUNDLE_EXECUTABLE_FOLDER_PATH)/Todoey-Realm-V1";
			};
			name = Release;
		};
		63CC53D02D7CE78D001A6328 /* Debug */ = {
			isa = XCBuildConfiguration;
			baseConfigurationReference = A577E8C80C87961DF4E093ED /* Pods-Todoey-Realm-V1-Todoey-Realm-V1UITests.debug.xcconfig */;
			buildSettings = {
				ALWAYS_EMBED_SWIFT_STANDARD_LIBRARIES = YES;
				CODE_SIGN_STYLE = Automatic;
				CURRENT_PROJECT_VERSION = 1;
				GENERATE_INFOPLIST_FILE = YES;
				MARKETING_VERSION = 1.0;
				PRODUCT_BUNDLE_IDENTIFIER = "com.AbdelrahmanZAIN.Todoey-Realm-V1UITests";
				PRODUCT_NAME = "$(TARGET_NAME)";
				SWIFT_EMIT_LOC_STRINGS = NO;
				SWIFT_VERSION = 5.0;
				TARGETED_DEVICE_FAMILY = "1,2";
				TEST_TARGET_NAME = "Todoey-Realm-V1";
			};
			name = Debug;
		};
		63CC53D12D7CE78D001A6328 /* Release */ = {
			isa = XCBuildConfiguration;
			baseConfigurationReference = DEE5F1F2A17A4F9ADE6A6A18 /* Pods-Todoey-Realm-V1-Todoey-Realm-V1UITests.release.xcconfig */;
			buildSettings = {
				ALWAYS_EMBED_SWIFT_STANDARD_LIBRARIES = YES;
				CODE_SIGN_STYLE = Automatic;
				CURRENT_PROJECT_VERSION = 1;
				GENERATE_INFOPLIST_FILE = YES;
				MARKETING_VERSION = 1.0;
				PRODUCT_BUNDLE_IDENTIFIER = "com.AbdelrahmanZAIN.Todoey-Realm-V1UITests";
				PRODUCT_NAME = "$(TARGET_NAME)";
				SWIFT_EMIT_LOC_STRINGS = NO;
				SWIFT_VERSION = 5.0;
				TARGETED_DEVICE_FAMILY = "1,2";
				TEST_TARGET_NAME = "Todoey-Realm-V1";
			};
			name = Release;
		};
/* End XCBuildConfiguration section */

/* Begin XCConfigurationList section */
		63CC539A2D7CE78B001A6328 /* Build configuration list for PBXProject "Todoey-Realm-V1" */ = {
			isa = XCConfigurationList;
			buildConfigurations = (
				63CC53C72D7CE78D001A6328 /* Debug */,
				63CC53C82D7CE78D001A6328 /* Release */,
			);
			defaultConfigurationIsVisible = 0;
			defaultConfigurationName = Release;
		};
		63CC53C92D7CE78D001A6328 /* Build configuration list for PBXNativeTarget "Todoey-Realm-V1" */ = {
			isa = XCConfigurationList;
			buildConfigurations = (
				63CC53CA2D7CE78D001A6328 /* Debug */,
				63CC53CB2D7CE78D001A6328 /* Release */,
			);
			defaultConfigurationIsVisible = 0;
			defaultConfigurationName = Release;
		};
		63CC53CC2D7CE78D001A6328 /* Build configuration list for PBXNativeTarget "Todoey-Realm-V1Tests" */ = {
			isa = XCConfigurationList;
			buildConfigurations = (
				63CC53CD2D7CE78D001A6328 /* Debug */,
				63CC53CE2D7CE78D001A6328 /* Release */,
			);
			defaultConfigurationIsVisible = 0;
			defaultConfigurationName = Release;
		};
		63CC53CF2D7CE78D001A6328 /* Build configuration list for PBXNativeTarget "Todoey-Realm-V1UITests" */ = {
			isa = XCConfigurationList;
			buildConfigurations = (
				63CC53D02D7CE78D001A6328 /* Debug */,
				63CC53D12D7CE78D001A6328 /* Release */,
			);
			defaultConfigurationIsVisible = 0;
			defaultConfigurationName = Release;
		};
/* End XCConfigurationList section */

/* Begin XCRemoteSwiftPackageReference section */
		63DCDA1C2D7D227A00CA8BC3 /* XCRemoteSwiftPackageReference "realm-swift" */ = {
			isa = XCRemoteSwiftPackageReference;
			repositoryURL = "https://github.com/realm/realm-swift.git";
			requirement = {
				kind = upToNextMajorVersion;
				minimumVersion = 20.0.1;
			};
		};
		63DCDA212D7D26F100CA8BC3 /* XCRemoteSwiftPackageReference "SwipeCellKit" */ = {
			isa = XCRemoteSwiftPackageReference;
			repositoryURL = "https://github.com/SwipeCellKit/SwipeCellKit.git";
			requirement = {
				kind = upToNextMajorVersion;
				minimumVersion = 2.7.1;
			};
		};
/* End XCRemoteSwiftPackageReference section */

/* Begin XCSwiftPackageProductDependency section */
		63DCDA1D2D7D227A00CA8BC3 /* RealmSwift */ = {
			isa = XCSwiftPackageProductDependency;
			package = 63DCDA1C2D7D227A00CA8BC3 /* XCRemoteSwiftPackageReference "realm-swift" */;
			productName = RealmSwift;
		};
		63DCDA222D7D26F100CA8BC3 /* SwipeCellKit */ = {
			isa = XCSwiftPackageProductDependency;
			package = 63DCDA212D7D26F100CA8BC3 /* XCRemoteSwiftPackageReference "SwipeCellKit" */;
			productName = SwipeCellKit;
		};
/* End XCSwiftPackageProductDependency section */
	};
	rootObject = 63CC53972D7CE78B001A6328 /* Project object */;
}
